// !$*UTF8*$!
{
	archiveVersion = 1;
	classes = {
	};
	objectVersion = 56;
	objects = {

/* Begin PBXBuildFile section */
		8B27871E2AE9858B00662268 /* SavedView.swift in Sources */ = {isa = PBXBuildFile; fileRef = 8B27871D2AE9858B00662268 /* SavedView.swift */; };
		8B2787212AEB0A2100662268 /* ModuleButton.swift in Sources */ = {isa = PBXBuildFile; fileRef = 8B2787202AEB0A2100662268 /* ModuleButton.swift */; };
		8B2787242AEB0FB000662268 /* NavigationManager.swift in Sources */ = {isa = PBXBuildFile; fileRef = 8B2787232AEB0FB000662268 /* NavigationManager.swift */; };
		8B2787272AED225700662268 /* ModuleData.swift in Sources */ = {isa = PBXBuildFile; fileRef = 8B2787262AED225700662268 /* ModuleData.swift */; };
		8B373F9B2AE8107000EBC046 /* HomeView.swift in Sources */ = {isa = PBXBuildFile; fileRef = 8B373F9A2AE8107000EBC046 /* HomeView.swift */; };
		8B373F9D2AE8117300EBC046 /* LearnView.swift in Sources */ = {isa = PBXBuildFile; fileRef = 8B373F9C2AE8117300EBC046 /* LearnView.swift */; };
		8B373FA02AE8389500EBC046 /* TabBarButton.swift in Sources */ = {isa = PBXBuildFile; fileRef = 8B373F9F2AE8389500EBC046 /* TabBarButton.swift */; };
		8B373FA22AE8393E00EBC046 /* CustomTabBar.swift in Sources */ = {isa = PBXBuildFile; fileRef = 8B373FA12AE8393E00EBC046 /* CustomTabBar.swift */; };
		8B373FA52AE83EE300EBC046 /* ModuleView.swift in Sources */ = {isa = PBXBuildFile; fileRef = 8B373FA42AE83EE300EBC046 /* ModuleView.swift */; };
		8B373FAB2AE8471D00EBC046 /* ModuleDetailView.swift in Sources */ = {isa = PBXBuildFile; fileRef = 8B373FAA2AE8471D00EBC046 /* ModuleDetailView.swift */; };
		8BA3C8D22AE1545600FDD7D1 /* NavigationStackDemoApp.swift in Sources */ = {isa = PBXBuildFile; fileRef = 8BA3C8D12AE1545600FDD7D1 /* NavigationStackDemoApp.swift */; };
		8BA3C8D42AE1545600FDD7D1 /* RootView.swift in Sources */ = {isa = PBXBuildFile; fileRef = 8BA3C8D32AE1545600FDD7D1 /* RootView.swift */; };
		8BA3C8D62AE1545700FDD7D1 /* Assets.xcassets in Resources */ = {isa = PBXBuildFile; fileRef = 8BA3C8D52AE1545700FDD7D1 /* Assets.xcassets */; };
		8BA3C8D92AE1545700FDD7D1 /* Preview Assets.xcassets in Resources */ = {isa = PBXBuildFile; fileRef = 8BA3C8D82AE1545700FDD7D1 /* Preview Assets.xcassets */; };
/* End PBXBuildFile section */

/* Begin PBXFileReference section */
		8B27871D2AE9858B00662268 /* SavedView.swift */ = {isa = PBXFileReference; lastKnownFileType = sourcecode.swift; path = SavedView.swift; sourceTree = "<group>"; };
		8B2787202AEB0A2100662268 /* ModuleButton.swift */ = {isa = PBXFileReference; lastKnownFileType = sourcecode.swift; path = ModuleButton.swift; sourceTree = "<group>"; };
		8B2787232AEB0FB000662268 /* NavigationManager.swift */ = {isa = PBXFileReference; lastKnownFileType = sourcecode.swift; path = NavigationManager.swift; sourceTree = "<group>"; };
		8B2787262AED225700662268 /* ModuleData.swift */ = {isa = PBXFileReference; lastKnownFileType = sourcecode.swift; path = ModuleData.swift; sourceTree = "<group>"; };
		8B373F9A2AE8107000EBC046 /* HomeView.swift */ = {isa = PBXFileReference; lastKnownFileType = sourcecode.swift; path = HomeView.swift; sourceTree = "<group>"; };
		8B373F9C2AE8117300EBC046 /* LearnView.swift */ = {isa = PBXFileReference; lastKnownFileType = sourcecode.swift; path = LearnView.swift; sourceTree = "<group>"; };
		8B373F9F2AE8389500EBC046 /* TabBarButton.swift */ = {isa = PBXFileReference; lastKnownFileType = sourcecode.swift; path = TabBarButton.swift; sourceTree = "<group>"; };
		8B373FA12AE8393E00EBC046 /* CustomTabBar.swift */ = {isa = PBXFileReference; lastKnownFileType = sourcecode.swift; path = CustomTabBar.swift; sourceTree = "<group>"; };
		8B373FA42AE83EE300EBC046 /* ModuleView.swift */ = {isa = PBXFileReference; lastKnownFileType = sourcecode.swift; path = ModuleView.swift; sourceTree = "<group>"; };
		8B373FAA2AE8471D00EBC046 /* ModuleDetailView.swift */ = {isa = PBXFileReference; lastKnownFileType = sourcecode.swift; path = ModuleDetailView.swift; sourceTree = "<group>"; };
		8BA3C8CE2AE1545600FDD7D1 /* NavigationStackDemo.app */ = {isa = PBXFileReference; explicitFileType = wrapper.application; includeInIndex = 0; path = NavigationStackDemo.app; sourceTree = BUILT_PRODUCTS_DIR; };
		8BA3C8D12AE1545600FDD7D1 /* NavigationStackDemoApp.swift */ = {isa = PBXFileReference; lastKnownFileType = sourcecode.swift; path = NavigationStackDemoApp.swift; sourceTree = "<group>"; };
		8BA3C8D32AE1545600FDD7D1 /* RootView.swift */ = {isa = PBXFileReference; lastKnownFileType = sourcecode.swift; path = RootView.swift; sourceTree = "<group>"; };
		8BA3C8D52AE1545700FDD7D1 /* Assets.xcassets */ = {isa = PBXFileReference; lastKnownFileType = folder.assetcatalog; path = Assets.xcassets; sourceTree = "<group>"; };
		8BA3C8D82AE1545700FDD7D1 /* Preview Assets.xcassets */ = {isa = PBXFileReference; lastKnownFileType = folder.assetcatalog; path = "Preview Assets.xcassets"; sourceTree = "<group>"; };
/* End PBXFileReference section */

/* Begin PBXFrameworksBuildPhase section */
		8BA3C8CB2AE1545600FDD7D1 /* Frameworks */ = {
			isa = PBXFrameworksBuildPhase;
			buildActionMask = 2147483647;
			files = (
			);
			runOnlyForDeploymentPostprocessing = 0;
		};
/* End PBXFrameworksBuildPhase section */

/* Begin PBXGroup section */
		8B27871F2AEB094800662268 /* ReusableViews */ = {
			isa = PBXGroup;
			children = (
				8B2787202AEB0A2100662268 /* ModuleButton.swift */,
			);
			path = ReusableViews;
			sourceTree = "<group>";
		};
		8B2787222AEB0F5F00662268 /* ViewModels */ = {
			isa = PBXGroup;
			children = (
				8B2787232AEB0FB000662268 /* NavigationManager.swift */,
			);
			path = ViewModels;
			sourceTree = "<group>";
		};
		8B2787252AED21B800662268 /* Model */ = {
			isa = PBXGroup;
			children = (
				8B2787262AED225700662268 /* ModuleData.swift */,
			);
			path = Model;
			sourceTree = "<group>";
		};
		8B373F9E2AE8384800EBC046 /* CustomTabBar */ = {
			isa = PBXGroup;
			children = (
				8B373F9F2AE8389500EBC046 /* TabBarButton.swift */,
				8B373FA12AE8393E00EBC046 /* CustomTabBar.swift */,
			);
			path = CustomTabBar;
			sourceTree = "<group>";
		};
		8B373FA32AE83EB800EBC046 /* Modules */ = {
			isa = PBXGroup;
			children = (
				8B373FA42AE83EE300EBC046 /* ModuleView.swift */,
				8B373FAA2AE8471D00EBC046 /* ModuleDetailView.swift */,
			);
			path = Modules;
			sourceTree = "<group>";
		};
		8BA3C8C52AE1545600FDD7D1 = {
			isa = PBXGroup;
			children = (
				8BA3C8D02AE1545600FDD7D1 /* NavigationStackDemo */,
				8BA3C8CF2AE1545600FDD7D1 /* Products */,
			);
			sourceTree = "<group>";
		};
		8BA3C8CF2AE1545600FDD7D1 /* Products */ = {
			isa = PBXGroup;
			children = (
				8BA3C8CE2AE1545600FDD7D1 /* NavigationStackDemo.app */,
			);
			name = Products;
			sourceTree = "<group>";
		};
		8BA3C8D02AE1545600FDD7D1 /* NavigationStackDemo */ = {
			isa = PBXGroup;
			children = (
				8BA3C8D12AE1545600FDD7D1 /* NavigationStackDemoApp.swift */,
				8BA3C8D32AE1545600FDD7D1 /* RootView.swift */,
				8B373F9A2AE8107000EBC046 /* HomeView.swift */,
				8B373F9C2AE8117300EBC046 /* LearnView.swift */,
				8B27871D2AE9858B00662268 /* SavedView.swift */,
				8B373FA32AE83EB800EBC046 /* Modules */,
				8B373F9E2AE8384800EBC046 /* CustomTabBar */,
				8B27871F2AEB094800662268 /* ReusableViews */,
				8B2787222AEB0F5F00662268 /* ViewModels */,
				8B2787252AED21B800662268 /* Model */,
				8BA3C8D52AE1545700FDD7D1 /* Assets.xcassets */,
				8BA3C8D72AE1545700FDD7D1 /* Preview Content */,
			);
			path = NavigationStackDemo;
			sourceTree = "<group>";
		};
		8BA3C8D72AE1545700FDD7D1 /* Preview Content */ = {
			isa = PBXGroup;
			children = (
				8BA3C8D82AE1545700FDD7D1 /* Preview Assets.xcassets */,
			);
			path = "Preview Content";
			sourceTree = "<group>";
		};
/* End PBXGroup section */

/* Begin PBXNativeTarget section */
		8BA3C8CD2AE1545600FDD7D1 /* NavigationStackDemo */ = {
			isa = PBXNativeTarget;
			buildConfigurationList = 8BA3C8DC2AE1545700FDD7D1 /* Build configuration list for PBXNativeTarget "NavigationStackDemo" */;
			buildPhases = (
				8BA3C8CA2AE1545600FDD7D1 /* Sources */,
				8BA3C8CB2AE1545600FDD7D1 /* Frameworks */,
				8BA3C8CC2AE1545600FDD7D1 /* Resources */,
			);
			buildRules = (
			);
			dependencies = (
			);
			name = NavigationStackDemo;
			productName = NavigationStackDemo;
			productReference = 8BA3C8CE2AE1545600FDD7D1 /* NavigationStackDemo.app */;
			productType = "com.apple.product-type.application";
		};
/* End PBXNativeTarget section */

/* Begin PBXProject section */
		8BA3C8C62AE1545600FDD7D1 /* Project object */ = {
			isa = PBXProject;
			attributes = {
				BuildIndependentTargetsInParallel = 1;
				LastSwiftUpdateCheck = 1500;
				LastUpgradeCheck = 1500;
				TargetAttributes = {
					8BA3C8CD2AE1545600FDD7D1 = {
						CreatedOnToolsVersion = 15.0;
					};
				};
			};
			buildConfigurationList = 8BA3C8C92AE1545600FDD7D1 /* Build configuration list for PBXProject "NavigationStackDemo" */;
			compatibilityVersion = "Xcode 14.0";
			developmentRegion = en;
			hasScannedForEncodings = 0;
			knownRegions = (
				en,
				Base,
			);
			mainGroup = 8BA3C8C52AE1545600FDD7D1;
			productRefGroup = 8BA3C8CF2AE1545600FDD7D1 /* Products */;
			projectDirPath = "";
			projectRoot = "";
			targets = (
				8BA3C8CD2AE1545600FDD7D1 /* NavigationStackDemo */,
			);
		};
/* End PBXProject section */

/* Begin PBXResourcesBuildPhase section */
		8BA3C8CC2AE1545600FDD7D1 /* Resources */ = {
			isa = PBXResourcesBuildPhase;
			buildActionMask = 2147483647;
			files = (
				8BA3C8D92AE1545700FDD7D1 /* Preview Assets.xcassets in Resources */,
				8BA3C8D62AE1545700FDD7D1 /* Assets.xcassets in Resources */,
			);
			runOnlyForDeploymentPostprocessing = 0;
		};
/* End PBXResourcesBuildPhase section */

/* Begin PBXSourcesBuildPhase section */
		8BA3C8CA2AE1545600FDD7D1 /* Sources */ = {
			isa = PBXSourcesBuildPhase;
			buildActionMask = 2147483647;
			files = (
				8B2787242AEB0FB000662268 /* NavigationManager.swift in Sources */,
				8B373FA52AE83EE300EBC046 /* ModuleView.swift in Sources */,
				8B373F9B2AE8107000EBC046 /* HomeView.swift in Sources */,
				8BA3C8D42AE1545600FDD7D1 /* RootView.swift in Sources */,
				8B373FAB2AE8471D00EBC046 /* ModuleDetailView.swift in Sources */,
				8BA3C8D22AE1545600FDD7D1 /* NavigationStackDemoApp.swift in Sources */,
				8B27871E2AE9858B00662268 /* SavedView.swift in Sources */,
				8B2787272AED225700662268 /* ModuleData.swift in Sources */,
				8B373FA02AE8389500EBC046 /* TabBarButton.swift in Sources */,
				8B373FA22AE8393E00EBC046 /* CustomTabBar.swift in Sources */,
				8B373F9D2AE8117300EBC046 /* LearnView.swift in Sources */,
				8B2787212AEB0A2100662268 /* ModuleButton.swift in Sources */,
			);
			runOnlyForDeploymentPostprocessing = 0;
		};
/* End PBXSourcesBuildPhase section */

/* Begin XCBuildConfiguration section */
		8BA3C8DA2AE1545700FDD7D1 /* Debug */ = {
			isa = XCBuildConfiguration;
			buildSettings = {
				ALWAYS_SEARCH_USER_PATHS = NO;
				ASSETCATALOG_COMPILER_GENERATE_SWIFT_ASSET_SYMBOL_EXTENSIONS = YES;
				CLANG_ANALYZER_NONNULL = YES;
				CLANG_ANALYZER_NUMBER_OBJECT_CONVERSION = YES_AGGRESSIVE;
				CLANG_CXX_LANGUAGE_STANDARD = "gnu++20";
				CLANG_ENABLE_MODULES = YES;
				CLANG_ENABLE_OBJC_ARC = YES;
				CLANG_ENABLE_OBJC_WEAK = YES;
				CLANG_WARN_BLOCK_CAPTURE_AUTORELEASING = YES;
				CLANG_WARN_BOOL_CONVERSION = YES;
				CLANG_WARN_COMMA = YES;
				CLANG_WARN_CONSTANT_CONVERSION = YES;
				CLANG_WARN_DEPRECATED_OBJC_IMPLEMENTATIONS = YES;
				CLANG_WARN_DIRECT_OBJC_ISA_USAGE = YES_ERROR;
				CLANG_WARN_DOCUMENTATION_COMMENTS = YES;
				CLANG_WARN_EMPTY_BODY = YES;
				CLANG_WARN_ENUM_CONVERSION = YES;
				CLANG_WARN_INFINITE_RECURSION = YES;
				CLANG_WARN_INT_CONVERSION = YES;
				CLANG_WARN_NON_LITERAL_NULL_CONVERSION = YES;
				CLANG_WARN_OBJC_IMPLICIT_RETAIN_SELF = YES;
				CLANG_WARN_OBJC_LITERAL_CONVERSION = YES;
				CLANG_WARN_OBJC_ROOT_CLASS = YES_ERROR;
				CLANG_WARN_QUOTED_INCLUDE_IN_FRAMEWORK_HEADER = YES;
				CLANG_WARN_RANGE_LOOP_ANALYSIS = YES;
				CLANG_WARN_STRICT_PROTOTYPES = YES;
				CLANG_WARN_SUSPICIOUS_MOVE = YES;
				CLANG_WARN_UNGUARDED_AVAILABILITY = YES_AGGRESSIVE;
				CLANG_WARN_UNREACHABLE_CODE = YES;
				CLANG_WARN__DUPLICATE_METHOD_MATCH = YES;
				COPY_PHASE_STRIP = NO;
				DEBUG_INFORMATION_FORMAT = dwarf;
				ENABLE_STRICT_OBJC_MSGSEND = YES;
				ENABLE_TESTABILITY = YES;
				ENABLE_USER_SCRIPT_SANDBOXING = YES;
				GCC_C_LANGUAGE_STANDARD = gnu17;
				GCC_DYNAMIC_NO_PIC = NO;
				GCC_NO_COMMON_BLOCKS = YES;
				GCC_OPTIMIZATION_LEVEL = 0;
				GCC_PREPROCESSOR_DEFINITIONS = (
					"DEBUG=1",
					"$(inherited)",
				);
				GCC_WARN_64_TO_32_BIT_CONVERSION = YES;
				GCC_WARN_ABOUT_RETURN_TYPE = YES_ERROR;
				GCC_WARN_UNDECLARED_SELECTOR = YES;
				GCC_WARN_UNINITIALIZED_AUTOS = YES_AGGRESSIVE;
				GCC_WARN_UNUSED_FUNCTION = YES;
				GCC_WARN_UNUSED_VARIABLE = YES;
				IPHONEOS_DEPLOYMENT_TARGET = 17.0;
				LOCALIZATION_PREFERS_STRING_CATALOGS = YES;
				MTL_ENABLE_DEBUG_INFO = INCLUDE_SOURCE;
				MTL_FAST_MATH = YES;
				ONLY_ACTIVE_ARCH = YES;
				SDKROOT = iphoneos;
				SWIFT_ACTIVE_COMPILATION_CONDITIONS = "DEBUG $(inherited)";
				SWIFT_OPTIMIZATION_LEVEL = "-Onone";
			};
			name = Debug;
		};
		8BA3C8DB2AE1545700FDD7D1 /* Release */ = {
			isa = XCBuildConfiguration;
			buildSettings = {
				ALWAYS_SEARCH_USER_PATHS = NO;
				ASSETCATALOG_COMPILER_GENERATE_SWIFT_ASSET_SYMBOL_EXTENSIONS = YES;
				CLANG_ANALYZER_NONNULL = YES;
				CLANG_ANALYZER_NUMBER_OBJECT_CONVERSION = YES_AGGRESSIVE;
				CLANG_CXX_LANGUAGE_STANDARD = "gnu++20";
				CLANG_ENABLE_MODULES = YES;
				CLANG_ENABLE_OBJC_ARC = YES;
				CLANG_ENABLE_OBJC_WEAK = YES;
				CLANG_WARN_BLOCK_CAPTURE_AUTORELEASING = YES;
				CLANG_WARN_BOOL_CONVERSION = YES;
				CLANG_WARN_COMMA = YES;
				CLANG_WARN_CONSTANT_CONVERSION = YES;
				CLANG_WARN_DEPRECATED_OBJC_IMPLEMENTATIONS = YES;
				CLANG_WARN_DIRECT_OBJC_ISA_USAGE = YES_ERROR;
				CLANG_WARN_DOCUMENTATION_COMMENTS = YES;
				CLANG_WARN_EMPTY_BODY = YES;
				CLANG_WARN_ENUM_CONVERSION = YES;
				CLANG_WARN_INFINITE_RECURSION = YES;
				CLANG_WARN_INT_CONVERSION = YES;
				CLANG_WARN_NON_LITERAL_NULL_CONVERSION = YES;
				CLANG_WARN_OBJC_IMPLICIT_RETAIN_SELF = YES;
				CLANG_WARN_OBJC_LITERAL_CONVERSION = YES;
				CLANG_WARN_OBJC_ROOT_CLASS = YES_ERROR;
				CLANG_WARN_QUOTED_INCLUDE_IN_FRAMEWORK_HEADER = YES;
				CLANG_WARN_RANGE_LOOP_ANALYSIS = YES;
				CLANG_WARN_STRICT_PROTOTYPES = YES;
				CLANG_WARN_SUSPICIOUS_MOVE = YES;
				CLANG_WARN_UNGUARDED_AVAILABILITY = YES_AGGRESSIVE;
				CLANG_WARN_UNREACHABLE_CODE = YES;
				CLANG_WARN__DUPLICATE_METHOD_MATCH = YES;
				COPY_PHASE_STRIP = NO;
				DEBUG_INFORMATION_FORMAT = "dwarf-with-dsym";
				ENABLE_NS_ASSERTIONS = NO;
				ENABLE_STRICT_OBJC_MSGSEND = YES;
				ENABLE_USER_SCRIPT_SANDBOXING = YES;
				GCC_C_LANGUAGE_STANDARD = gnu17;
				GCC_NO_COMMON_BLOCKS = YES;
				GCC_WARN_64_TO_32_BIT_CONVERSION = YES;
				GCC_WARN_ABOUT_RETURN_TYPE = YES_ERROR;
				GCC_WARN_UNDECLARED_SELECTOR = YES;
				GCC_WARN_UNINITIALIZED_AUTOS = YES_AGGRESSIVE;
				GCC_WARN_UNUSED_FUNCTION = YES;
				GCC_WARN_UNUSED_VARIABLE = YES;
				IPHONEOS_DEPLOYMENT_TARGET = 17.0;
				LOCALIZATION_PREFERS_STRING_CATALOGS = YES;
				MTL_ENABLE_DEBUG_INFO = NO;
				MTL_FAST_MATH = YES;
				SDKROOT = iphoneos;
				SWIFT_COMPILATION_MODE = wholemodule;
				VALIDATE_PRODUCT = YES;
			};
			name = Release;
		};
		8BA3C8DD2AE1545700FDD7D1 /* Debug */ = {
			isa = XCBuildConfiguration;
			buildSettings = {
				ASSETCATALOG_COMPILER_APPICON_NAME = AppIcon;
				ASSETCATALOG_COMPILER_GLOBAL_ACCENT_COLOR_NAME = AccentColor;
				CODE_SIGN_STYLE = Automatic;
				CURRENT_PROJECT_VERSION = 1;
				DEVELOPMENT_ASSET_PATHS = "\"NavigationStackDemo/Preview Content\"";
				DEVELOPMENT_TEAM = 6CTZ99RBT4;
				ENABLE_PREVIEWS = YES;
				GENERATE_INFOPLIST_FILE = YES;
				INFOPLIST_KEY_UIApplicationSceneManifest_Generation = YES;
				INFOPLIST_KEY_UIApplicationSupportsIndirectInputEvents = YES;
				INFOPLIST_KEY_UILaunchScreen_Generation = YES;
				INFOPLIST_KEY_UISupportedInterfaceOrientations_iPad = "UIInterfaceOrientationPortrait UIInterfaceOrientationPortraitUpsideDown UIInterfaceOrientationLandscapeLeft UIInterfaceOrientationLandscapeRight";
				INFOPLIST_KEY_UISupportedInterfaceOrientations_iPhone = "UIInterfaceOrientationPortrait UIInterfaceOrientationLandscapeLeft UIInterfaceOrientationLandscapeRight";
				LD_RUNPATH_SEARCH_PATHS = (
					"$(inherited)",
					"@executable_path/Frameworks",
				);
				MARKETING_VERSION = 1.0;
				PRODUCT_BUNDLE_IDENTIFIER = com.TudorHirtopanu.NavigationStackDemo;
				PRODUCT_NAME = "$(TARGET_NAME)";
				SWIFT_EMIT_LOC_STRINGS = YES;
				SWIFT_VERSION = 5.0;
				TARGETED_DEVICE_FAMILY = "1,2";
			};
			name = Debug;
		};
		8BA3C8DE2AE1545700FDD7D1 /* Release */ = {
			isa = XCBuildConfiguration;
			buildSettings = {
				ASSETCATALOG_COMPILER_APPICON_NAME = AppIcon;
				ASSETCATALOG_COMPILER_GLOBAL_ACCENT_COLOR_NAME = AccentColor;
				CODE_SIGN_STYLE = Automatic;
				CURRENT_PROJECT_VERSION = 1;
				DEVELOPMENT_ASSET_PATHS = "\"NavigationStackDemo/Preview Content\"";
				DEVELOPMENT_TEAM = 6CTZ99RBT4;
				ENABLE_PREVIEWS = YES;
				GENERATE_INFOPLIST_FILE = YES;
				INFOPLIST_KEY_UIApplicationSceneManifest_Generation = YES;
				INFOPLIST_KEY_UIApplicationSupportsIndirectInputEvents = YES;
				INFOPLIST_KEY_UILaunchScreen_Generation = YES;
				INFOPLIST_KEY_UISupportedInterfaceOrientations_iPad = "UIInterfaceOrientationPortrait UIInterfaceOrientationPortraitUpsideDown UIInterfaceOrientationLandscapeLeft UIInterfaceOrientationLandscapeRight";
				INFOPLIST_KEY_UISupportedInterfaceOrientations_iPhone = "UIInterfaceOrientationPortrait UIInterfaceOrientationLandscapeLeft UIInterfaceOrientationLandscapeRight";
				LD_RUNPATH_SEARCH_PATHS = (
					"$(inherited)",
					"@executable_path/Frameworks",
				);
				MARKETING_VERSION = 1.0;
				PRODUCT_BUNDLE_IDENTIFIER = com.TudorHirtopanu.NavigationStackDemo;
				PRODUCT_NAME = "$(TARGET_NAME)";
				SWIFT_EMIT_LOC_STRINGS = YES;
				SWIFT_VERSION = 5.0;
				TARGETED_DEVICE_FAMILY = "1,2";
			};
			name = Release;
		};
/* End XCBuildConfiguration section */

/* Begin XCConfigurationList section */
		8BA3C8C92AE1545600FDD7D1 /* Build configuration list for PBXProject "NavigationStackDemo" */ = {
			isa = XCConfigurationList;
			buildConfigurations = (
				8BA3C8DA2AE1545700FDD7D1 /* Debug */,
				8BA3C8DB2AE1545700FDD7D1 /* Release */,
			);
			defaultConfigurationIsVisible = 0;
			defaultConfigurationName = Release;
		};
		8BA3C8DC2AE1545700FDD7D1 /* Build configuration list for PBXNativeTarget "NavigationStackDemo" */ = {
			isa = XCConfigurationList;
			buildConfigurations = (
				8BA3C8DD2AE1545700FDD7D1 /* Debug */,
				8BA3C8DE2AE1545700FDD7D1 /* Release */,
			);
			defaultConfigurationIsVisible = 0;
			defaultConfigurationName = Release;
		};
/* End XCConfigurationList section */
	};
	rootObject = 8BA3C8C62AE1545600FDD7D1 /* Project object */;
}
